{
	"name": "SkyRTC-demo",
	"requires": true,
	"lockfileVersion": 1,
	"dependencies": {
		"async-limiter": {
			"version": "1.0.0",
			"resolved": "http://registry.npm.taobao.org/async-limiter/download/async-limiter-1.0.0.tgz",
			"integrity": "sha1-ePrtjD0HSrgfIrTphdeehzj3IPg="
		},
		"buffer-crc32": {
			"version": "0.1.1",
			"resolved": "http://registry.npm.taobao.org/buffer-crc32/download/buffer-crc32-0.1.1.tgz",
			"integrity": "sha1-fhENyZU5CKt8MqzccMn5RbHLxSY="
		},
		"bytes": {
			"version": "0.1.0",
			"resolved": "http://registry.npm.taobao.org/bytes/download/bytes-0.1.0.tgz",
			"integrity": "sha1-xXSBIigSbWNp0VdpJahXnbP45aI="
		},
		"commander": {
			"version": "0.6.1",
			"resolved": "http://registry.npm.taobao.org/commander/download/commander-0.6.1.tgz",
			"integrity": "sha1-+mihT2qUXVTbvlDYzbMyDp47GgY="
		},
		"connect": {
			"version": "2.7.2",
			"resolved": "http://registry.npm.taobao.org/connect/download/connect-2.7.2.tgz",
			"integrity": "sha1-EXmUY72qr5nV+b7xM78kILJuJoA=",
			"requires": {
				"buffer-crc32": "0.1.1",
				"bytes": "0.1.0",
				"cookie": "0.0.5",
				"cookie-signature": "0.0.1",
				"debug": "4.1.1",
				"formidable": "1.0.11",
				"fresh": "0.1.0",
				"pause": "0.0.1",
				"qs": "0.5.1",
				"send": "0.1.0"
			}
		},
		"cookie": {
			"version": "0.0.5",
			"resolved": "http://registry.npm.taobao.org/cookie/download/cookie-0.0.5.tgz",
			"integrity": "sha1-+az521frdWjJ/MWWJWt7si4wfIE="
		},
		"cookie-signature": {
			"version": "0.0.1",
			"resolved": "http://registry.npm.taobao.org/cookie-signature/download/cookie-signature-0.0.1.tgz",
			"integrity": "sha1-E9NgO1z2O++/haiAHjeqkA20aYU="
		},
		"debug": {
			"version": "4.1.1",
			"resolved": "http://registry.npm.taobao.org/debug/download/debug-4.1.1.tgz",
			"integrity": "sha1-O3ImAlUQnGtYnO4FDx1RYTlmR5E=",
			"requires": {
				"ms": "2.1.1"
			}
		},
		"express": {
			"version": "3.1.0",
			"resolved": "http://registry.npm.taobao.org/express/download/express-3.1.0.tgz",
			"integrity": "sha1-+Gmy2SMg9cPdSWwXLgbwK2rUMxA=",
			"requires": {
				"buffer-crc32": "0.1.1",
				"commander": "0.6.1",
				"connect": "2.7.2",
				"cookie": "0.0.5",
				"cookie-signature": "0.0.1",
				"debug": "4.1.1",
				"fresh": "0.1.0",
				"methods": "0.0.1",
				"mkdirp": "0.3.3",
				"range-parser": "0.0.4",
				"send": "0.1.0"
			}
		},
		"formidable": {
			"version": "1.0.11",
			"resolved": "http://registry.npm.taobao.org/formidable/download/formidable-1.0.11.tgz",
			"integrity": "sha1-aPYzJaA15kS297s9ESQ7l2HeGzA="
		},
		"fresh": {
			"version": "0.1.0",
			"resolved": "http://registry.npm.taobao.org/fresh/download/fresh-0.1.0.tgz",
			"integrity": "sha1-A+SwF4Qk5MLV0ZpU2IFM3JeTSFA="
		},
		"methods": {
			"version": "0.0.1",
			"resolved": "http://registry.npm.taobao.org/methods/download/methods-0.0.1.tgz",
			"integrity": "sha1-J3yQ+L7zlwlkWoNxxRw7bGSOBow="
		},
		"mime": {
			"version": "1.2.6",
			"resolved": "http://registry.npm.taobao.org/mime/download/mime-1.2.6.tgz",
			"integrity": "sha1-sfhsdowCX6h7SAdfFwnyiuryA2U="
		},
		"mkdirp": {
			"version": "0.3.3",
			"resolved": "http://registry.npm.taobao.org/mkdirp/download/mkdirp-0.3.3.tgz",
			"integrity": "sha1-WV4lHBNww6aLqyE20ONIuBBa3xM="
		},
		"ms": {
			"version": "2.1.1",
			"resolved": "http://registry.npm.taobao.org/ms/download/ms-2.1.1.tgz",
			"integrity": "sha1-MKWGTrPrsKZvLr5tcnrwagnYbgo="
		},
		"node-uuid": {
			"version": "1.4.8",
			"resolved": "http://registry.npm.taobao.org/node-uuid/download/node-uuid-1.4.8.tgz",
			"integrity": "sha1-sEDrCSOWivq/jTL7HxfxFn/auQc="
		},
		"pause": {
			"version": "0.0.1",
			"resolved": "http://registry.npm.taobao.org/pause/download/pause-0.0.1.tgz",
			"integrity": "sha1-HUCLP9t2kjuVQ9lvtMnf1TXZy10="
		},
		"qs": {
			"version": "0.5.1",
			"resolved": "http://registry.npm.taobao.org/qs/download/qs-0.5.1.tgz",
			"integrity": "sha1-n2v12axsdjhOldNtFbSJgOXkrdA="
		},
		"range-parser": {
			"version": "0.0.4",
			"resolved": "http://registry.npm.taobao.org/range-parser/download/range-parser-0.0.4.tgz",
			"integrity": "sha1-wEJ//vUcEKy6B4KkbJYC50T/Ygs="
		},
		"send": {
			"version": "0.1.0",
			"resolved": "http://registry.npm.taobao.org/send/download/send-0.1.0.tgz",
			"integrity": "sha1-z7COvTzsm3/Bo32f+eh1qXHPRkA=",
			"requires": {
				"debug": "4.1.1",
				"fresh": "0.1.0",
				"mime": "1.2.6",
				"range-parser": "0.0.4"
			}
		},
		"ws": {
			"version": "6.1.2",
			"resolved": "http://registry.npm.taobao.org/ws/download/ws-6.1.2.tgz",
			"integrity": "sha1-PMdGLph5LwrGeUJBSJA97TucOtg=",
			"requires": {
				"async-limiter": "1.0.0"
			}
		}
	}
}
